
Microsoft Visual Studio Solution File, Format Version 12.00
# Visual Studio 15
Project("{FAE04EC0-301F-11D3-BF4B-00C04F79EFBC}") = "Assembly-CSharp", "Assembly-CSharp.csproj", "{032C22D3-D971-C78D-30E9-0662AE00F774}"
EndProject
Project("{FAE04EC0-301F-11D3-BF4B-00C04F79EFBC}") = "DOTween.Modules", "DOTween.Modules.csproj", "{90FEF6F9-569A-24A2-F38D-416571750AB4}"
EndProject
Global
	GlobalSection(SolutionConfigurationPlatforms) = preSolution
		Debug|Any CPU = Debug|Any CPU
		Release|Any CPU = Release|Any CPU
	EndGlobalSection
	GlobalSection(ProjectConfigurationPlatforms) = postSolution
		{032C22D3-D971-C78D-30E9-0662AE00F774}.Debug|Any CPU.ActiveCfg = Debug|Any CPU
		{032C22D3-D971-C78D-30E9-0662AE00F774}.Debug|Any CPU.Build.0 = Debug|Any CPU
		{032C22D3-D971-C78D-30E9-0662AE00F774}.Release|Any CPU.ActiveCfg = Release|Any CPU
		{032C22D3-D971-C78D-30E9-0662AE00F774}.Release|Any CPU.Build.0 = Release|Any CPU
		{90FEF6F9-569A-24A2-F38D-416571750AB4}.Debug|Any CPU.ActiveCfg = Debug|Any CPU
		{90FEF6F9-569A-24A2-F38D-416571750AB4}.Debug|Any CPU.Build.0 = Debug|Any CPU
		{90FEF6F9-569A-24A2-F38D-416571750AB4}.Release|Any CPU.ActiveCfg = Release|Any CPU
		{90FEF6F9-569A-24A2-F38D-416571750AB4}.Release|Any CPU.Build.0 = Release|Any CPU
	EndGlobalSection
	GlobalSection(SolutionProperties) = preSolution
		HideSolutionNode = FALSE
	EndGlobalSection
EndGlobal
